
Microsoft Visual Studio Solution File, Format Version 11.00
# Visual Studio 2010
Project("{FAE04EC0-301F-11D3-BF4B-00C04F79EFBC}") = "gdscs", "gdscs\gdscs.csproj", "{3511298E-608B-4958-AE33-59B6D3610B3B}"
EndProject
Project("{2150E333-8FDC-42A3-9474-1A3956D46DE8}") = "Solution Items", "Solution Items", "{F2E05EBB-665C-433A-8D29-CAEFBC9C10A9}"
	ProjectSection(SolutionItems) = preProject
		README.MD = README.MD
	EndProjectSection
EndProject
Project("{2150E333-8FDC-42A3-9474-1A3956D46DE8}") = "docimg", "docimg", "{F545D789-E2F1-4376-B638-6C414D7B981B}"
	ProjectSection(SolutionItems) = preProject
		docimg\GDS-00.png = docimg\GDS-00.png
		docimg\GDS-01-00.png = docimg\GDS-01-00.png
		docimg\GDS-01-01.png = docimg\GDS-01-01.png
		docimg\GDS-01.png = docimg\GDS-01.png
		docimg\GDS-02-01.png = docimg\GDS-02-01.png
		docimg\GDS-02-02.png = docimg\GDS-02-02.png
		docimg\GDS-03-01.png = docimg\GDS-03-01.png
		docimg\GDS-03-02.png = docimg\GDS-03-02.png
	EndProjectSection
EndProject
Global
	GlobalSection(SolutionConfigurationPlatforms) = preSolution
		Debug|Any CPU = Debug|Any CPU
		Release|Any CPU = Release|Any CPU
	EndGlobalSection
	GlobalSection(ProjectConfigurationPlatforms) = postSolution
		{3511298E-608B-4958-AE33-59B6D3610B3B}.Debug|Any CPU.ActiveCfg = Debug|Any CPU
		{3511298E-608B-4958-AE33-59B6D3610B3B}.Debug|Any CPU.Build.0 = Debug|Any CPU
		{3511298E-608B-4958-AE33-59B6D3610B3B}.Release|Any CPU.ActiveCfg = Release|Any CPU
		{3511298E-608B-4958-AE33-59B6D3610B3B}.Release|Any CPU.Build.0 = Release|Any CPU
	EndGlobalSection
	GlobalSection(SolutionProperties) = preSolution
		HideSolutionNode = FALSE
	EndGlobalSection
EndGlobal
